
Microsoft Visual Studio Solution File, Format Version 12.00
# Visual Studio Version 17
VisualStudioVersion = 17.5.33627.172
MinimumVisualStudioVersion = 10.0.40219.1
Project("{FAE04EC0-301F-11D3-BF4B-00C04F79EFBC}") = "AdHOCInvoicingApp", "AdHOCInvoicingApp\AdHOCInvoicingApp.csproj", "{44051602-6B27-4B92-AF74-76D7746A0D1C}"
EndProject
Global
	GlobalSection(SolutionConfigurationPlatforms) = preSolution
		Debug|Any CPU = Debug|Any CPU
		Release|Any CPU = Release|Any CPU
	EndGlobalSection
	GlobalSection(ProjectConfigurationPlatforms) = postSolution
		{44051602-6B27-4B92-AF74-76D7746A0D1C}.Debug|Any CPU.ActiveCfg = Debug|Any CPU
		{44051602-6B27-4B92-AF74-76D7746A0D1C}.Debug|Any CPU.Build.0 = Debug|Any CPU
		{44051602-6B27-4B92-AF74-76D7746A0D1C}.Release|Any CPU.ActiveCfg = Release|Any CPU
		{44051602-6B27-4B92-AF74-76D7746A0D1C}.Release|Any CPU.Build.0 = Release|Any CPU
	EndGlobalSection
	GlobalSection(SolutionProperties) = preSolution
		HideSolutionNode = FALSE
	EndGlobalSection
	GlobalSection(ExtensibilityGlobals) = postSolution
		SolutionGuid = {6E22FED0-B0D9-4831-AB1B-30627355C5A7}
	EndGlobalSection
EndGlobal
